// !$*UTF8*$!
{
	archiveVersion = 1;
	classes = {
	};
	objectVersion = 50;
	objects = {

/* Begin PBXBuildFile section */
		E523BBB3253A275100C3E575 /* AppDelegate.swift in Sources */ = {isa = PBXBuildFile; fileRef = E523BBB2253A275100C3E575 /* AppDelegate.swift */; };
		E523BBB5253A275100C3E575 /* GameScene.sks in Resources */ = {isa = PBXBuildFile; fileRef = E523BBB4253A275100C3E575 /* GameScene.sks */; };
		E523BBB7253A275100C3E575 /* Actions.sks in Resources */ = {isa = PBXBuildFile; fileRef = E523BBB6253A275100C3E575 /* Actions.sks */; };
		E523BBB9253A275100C3E575 /* GameScene.swift in Sources */ = {isa = PBXBuildFile; fileRef = E523BBB8253A275100C3E575 /* GameScene.swift */; };
		E523BBBB253A275100C3E575 /* GameViewController.swift in Sources */ = {isa = PBXBuildFile; fileRef = E523BBBA253A275100C3E575 /* GameViewController.swift */; };
		E523BBBE253A275100C3E575 /* Main.storyboard in Resources */ = {isa = PBXBuildFile; fileRef = E523BBBC253A275100C3E575 /* Main.storyboard */; };
		E523BBC0253A275700C3E575 /* Assets.xcassets in Resources */ = {isa = PBXBuildFile; fileRef = E523BBBF253A275700C3E575 /* Assets.xcassets */; };
		E523BBC3253A275700C3E575 /* LaunchScreen.storyboard in Resources */ = {isa = PBXBuildFile; fileRef = E523BBC1253A275700C3E575 /* LaunchScreen.storyboard */; };
		E523BBCB253A588700C3E575 /* MenuScene.sks in Resources */ = {isa = PBXBuildFile; fileRef = E523BBCA253A588700C3E575 /* MenuScene.sks */; };
		E523BBCD253A590800C3E575 /* MenuScene.swift in Sources */ = {isa = PBXBuildFile; fileRef = E523BBCC253A590800C3E575 /* MenuScene.swift */; };
		E523BBCF253ADA2D00C3E575 /* MarketScene.sks in Resources */ = {isa = PBXBuildFile; fileRef = E523BBCE253ADA2D00C3E575 /* MarketScene.sks */; };
		E523BBD1253ADA9D00C3E575 /* MarketScene.swift in Sources */ = {isa = PBXBuildFile; fileRef = E523BBD0253ADA9D00C3E575 /* MarketScene.swift */; };
		E523BBD3253B08FB00C3E575 /* SportScene.sks in Resources */ = {isa = PBXBuildFile; fileRef = E523BBD2253B08FB00C3E575 /* SportScene.sks */; };
		E523BBD5253B094E00C3E575 /* SportScene.swift in Sources */ = {isa = PBXBuildFile; fileRef = E523BBD4253B094E00C3E575 /* SportScene.swift */; };
		E523BBD7253B606300C3E575 /* BookScene.sks in Resources */ = {isa = PBXBuildFile; fileRef = E523BBD6253B606300C3E575 /* BookScene.sks */; };
		E523BBD9253B60D600C3E575 /* BookScene.swift in Sources */ = {isa = PBXBuildFile; fileRef = E523BBD8253B60D600C3E575 /* BookScene.swift */; };
		E523BBDB253B93B500C3E575 /* CastleScene.sks in Resources */ = {isa = PBXBuildFile; fileRef = E523BBDA253B93B500C3E575 /* CastleScene.sks */; };
		E523BBDD253B956C00C3E575 /* CastleScene.swift in Sources */ = {isa = PBXBuildFile; fileRef = E523BBDC253B956C00C3E575 /* CastleScene.swift */; };
		E523BBDF253B9BAC00C3E575 /* FinalScene.sks in Resources */ = {isa = PBXBuildFile; fileRef = E523BBDE253B9BAC00C3E575 /* FinalScene.sks */; };
		E523BBE1253B9BB800C3E575 /* FinalScene.swift in Sources */ = {isa = PBXBuildFile; fileRef = E523BBE0253B9BB800C3E575 /* FinalScene.swift */; };
/* End PBXBuildFile section */

/* Begin PBXFileReference section */
		E523BBAF253A275100C3E575 /* Heart Journey.app */ = {isa = PBXFileReference; explicitFileType = wrapper.application; includeInIndex = 0; path = "Heart Journey.app"; sourceTree = BUILT_PRODUCTS_DIR; };
		E523BBB2253A275100C3E575 /* AppDelegate.swift */ = {isa = PBXFileReference; lastKnownFileType = sourcecode.swift; path = AppDelegate.swift; sourceTree = "<group>"; };
		E523BBB4253A275100C3E575 /* GameScene.sks */ = {isa = PBXFileReference; lastKnownFileType = file.sks; path = GameScene.sks; sourceTree = "<group>"; };
		E523BBB6253A275100C3E575 /* Actions.sks */ = {isa = PBXFileReference; lastKnownFileType = file.sks; path = Actions.sks; sourceTree = "<group>"; };
		E523BBB8253A275100C3E575 /* GameScene.swift */ = {isa = PBXFileReference; lastKnownFileType = sourcecode.swift; path = GameScene.swift; sourceTree = "<group>"; };
		E523BBBA253A275100C3E575 /* GameViewController.swift */ = {isa = PBXFileReference; lastKnownFileType = sourcecode.swift; path = GameViewController.swift; sourceTree = "<group>"; };
		E523BBBD253A275100C3E575 /* Base */ = {isa = PBXFileReference; lastKnownFileType = file.storyboard; name = Base; path = Base.lproj/Main.storyboard; sourceTree = "<group>"; };
		E523BBBF253A275700C3E575 /* Assets.xcassets */ = {isa = PBXFileReference; lastKnownFileType = folder.assetcatalog; path = Assets.xcassets; sourceTree = "<group>"; };
		E523BBC2253A275700C3E575 /* Base */ = {isa = PBXFileReference; lastKnownFileType = file.storyboard; name = Base; path = Base.lproj/LaunchScreen.storyboard; sourceTree = "<group>"; };
		E523BBC4253A275700C3E575 /* Info.plist */ = {isa = PBXFileReference; lastKnownFileType = text.plist.xml; path = Info.plist; sourceTree = "<group>"; };
		E523BBCA253A588700C3E575 /* MenuScene.sks */ = {isa = PBXFileReference; lastKnownFileType = file.sks; path = MenuScene.sks; sourceTree = "<group>"; };
		E523BBCC253A590800C3E575 /* MenuScene.swift */ = {isa = PBXFileReference; lastKnownFileType = sourcecode.swift; path = MenuScene.swift; sourceTree = "<group>"; };
		E523BBCE253ADA2D00C3E575 /* MarketScene.sks */ = {isa = PBXFileReference; lastKnownFileType = file.sks; path = MarketScene.sks; sourceTree = "<group>"; };
		E523BBD0253ADA9D00C3E575 /* MarketScene.swift */ = {isa = PBXFileReference; lastKnownFileType = sourcecode.swift; path = MarketScene.swift; sourceTree = "<group>"; };
		E523BBD2253B08FB00C3E575 /* SportScene.sks */ = {isa = PBXFileReference; lastKnownFileType = file.sks; path = SportScene.sks; sourceTree = "<group>"; };
		E523BBD4253B094E00C3E575 /* SportScene.swift */ = {isa = PBXFileReference; lastKnownFileType = sourcecode.swift; path = SportScene.swift; sourceTree = "<group>"; };
		E523BBD6253B606300C3E575 /* BookScene.sks */ = {isa = PBXFileReference; lastKnownFileType = file.sks; path = BookScene.sks; sourceTree = "<group>"; };
		E523BBD8253B60D600C3E575 /* BookScene.swift */ = {isa = PBXFileReference; lastKnownFileType = sourcecode.swift; path = BookScene.swift; sourceTree = "<group>"; };
		E523BBDA253B93B500C3E575 /* CastleScene.sks */ = {isa = PBXFileReference; lastKnownFileType = file.sks; path = CastleScene.sks; sourceTree = "<group>"; };
		E523BBDC253B956C00C3E575 /* CastleScene.swift */ = {isa = PBXFileReference; lastKnownFileType = sourcecode.swift; path = CastleScene.swift; sourceTree = "<group>"; };
		E523BBDE253B9BAC00C3E575 /* FinalScene.sks */ = {isa = PBXFileReference; lastKnownFileType = file.sks; path = FinalScene.sks; sourceTree = "<group>"; };
		E523BBE0253B9BB800C3E575 /* FinalScene.swift */ = {isa = PBXFileReference; lastKnownFileType = sourcecode.swift; path = FinalScene.swift; sourceTree = "<group>"; };
/* End PBXFileReference section */

/* Begin PBXFrameworksBuildPhase section */
		E523BBAC253A275100C3E575 /* Frameworks */ = {
			isa = PBXFrameworksBuildPhase;
			buildActionMask = 2147483647;
			files = (
			);
			runOnlyForDeploymentPostprocessing = 0;
		};
/* End PBXFrameworksBuildPhase section */

/* Begin PBXGroup section */
		E523BBA6253A275100C3E575 = {
			isa = PBXGroup;
			children = (
				E523BBB1253A275100C3E575 /* Heart Journey */,
				E523BBB0253A275100C3E575 /* Products */,
			);
			sourceTree = "<group>";
		};
		E523BBB0253A275100C3E575 /* Products */ = {
			isa = PBXGroup;
			children = (
				E523BBAF253A275100C3E575 /* Heart Journey.app */,
			);
			name = Products;
			sourceTree = "<group>";
		};
		E523BBB1253A275100C3E575 /* Heart Journey */ = {
			isa = PBXGroup;
			children = (
				E523BBB2253A275100C3E575 /* AppDelegate.swift */,
				E523BBB4253A275100C3E575 /* GameScene.sks */,
				E523BBB6253A275100C3E575 /* Actions.sks */,
				E523BBB8253A275100C3E575 /* GameScene.swift */,
				E523BBCA253A588700C3E575 /* MenuScene.sks */,
				E523BBCC253A590800C3E575 /* MenuScene.swift */,
				E523BBDA253B93B500C3E575 /* CastleScene.sks */,
				E523BBDC253B956C00C3E575 /* CastleScene.swift */,
				E523BBDE253B9BAC00C3E575 /* FinalScene.sks */,
				E523BBE0253B9BB800C3E575 /* FinalScene.swift */,
				E523BBD6253B606300C3E575 /* BookScene.sks */,
				E523BBD2253B08FB00C3E575 /* SportScene.sks */,
				E523BBD4253B094E00C3E575 /* SportScene.swift */,
				E523BBCE253ADA2D00C3E575 /* MarketScene.sks */,
				E523BBD0253ADA9D00C3E575 /* MarketScene.swift */,
				E523BBBA253A275100C3E575 /* GameViewController.swift */,
				E523BBBC253A275100C3E575 /* Main.storyboard */,
				E523BBBF253A275700C3E575 /* Assets.xcassets */,
				E523BBD8253B60D600C3E575 /* BookScene.swift */,
				E523BBC1253A275700C3E575 /* LaunchScreen.storyboard */,
				E523BBC4253A275700C3E575 /* Info.plist */,
			);
			path = "Heart Journey";
			sourceTree = "<group>";
		};
/* End PBXGroup section */

/* Begin PBXNativeTarget section */
		E523BBAE253A275100C3E575 /* Heart Journey */ = {
			isa = PBXNativeTarget;
			buildConfigurationList = E523BBC7253A275700C3E575 /* Build configuration list for PBXNativeTarget "Heart Journey" */;
			buildPhases = (
				E523BBAB253A275100C3E575 /* Sources */,
				E523BBAC253A275100C3E575 /* Frameworks */,
				E523BBAD253A275100C3E575 /* Resources */,
			);
			buildRules = (
			);
			dependencies = (
			);
			name = "Heart Journey";
			productName = "Heart Journey";
			productReference = E523BBAF253A275100C3E575 /* Heart Journey.app */;
			productType = "com.apple.product-type.application";
		};
/* End PBXNativeTarget section */

/* Begin PBXProject section */
		E523BBA7253A275100C3E575 /* Project object */ = {
			isa = PBXProject;
			attributes = {
				LastSwiftUpdateCheck = 1150;
				LastUpgradeCheck = 1150;
				ORGANIZATIONNAME = "LEONID KULIKOV";
				TargetAttributes = {
					E523BBAE253A275100C3E575 = {
						CreatedOnToolsVersion = 11.5;
					};
				};
			};
			buildConfigurationList = E523BBAA253A275100C3E575 /* Build configuration list for PBXProject "Heart Journey" */;
			compatibilityVersion = "Xcode 9.3";
			developmentRegion = en;
			hasScannedForEncodings = 0;
			knownRegions = (
				en,
				Base,
			);
			mainGroup = E523BBA6253A275100C3E575;
			productRefGroup = E523BBB0253A275100C3E575 /* Products */;
			projectDirPath = "";
			projectRoot = "";
			targets = (
				E523BBAE253A275100C3E575 /* Heart Journey */,
			);
		};
/* End PBXProject section */

/* Begin PBXResourcesBuildPhase section */
		E523BBAD253A275100C3E575 /* Resources */ = {
			isa = PBXResourcesBuildPhase;
			buildActionMask = 2147483647;
			files = (
				E523BBBE253A275100C3E575 /* Main.storyboard in Resources */,
				E523BBCB253A588700C3E575 /* MenuScene.sks in Resources */,
				E523BBB5253A275100C3E575 /* GameScene.sks in Resources */,
				E523BBD3253B08FB00C3E575 /* SportScene.sks in Resources */,
				E523BBD7253B606300C3E575 /* BookScene.sks in Resources */,
				E523BBC0253A275700C3E575 /* Assets.xcassets in Resources */,
				E523BBC3253A275700C3E575 /* LaunchScreen.storyboard in Resources */,
				E523BBB7253A275100C3E575 /* Actions.sks in Resources */,
				E523BBDB253B93B500C3E575 /* CastleScene.sks in Resources */,
				E523BBCF253ADA2D00C3E575 /* MarketScene.sks in Resources */,
				E523BBDF253B9BAC00C3E575 /* FinalScene.sks in Resources */,
			);
			runOnlyForDeploymentPostprocessing = 0;
		};
/* End PBXResourcesBuildPhase section */

/* Begin PBXSourcesBuildPhase section */
		E523BBAB253A275100C3E575 /* Sources */ = {
			isa = PBXSourcesBuildPhase;
			buildActionMask = 2147483647;
			files = (
				E523BBD1253ADA9D00C3E575 /* MarketScene.swift in Sources */,
				E523BBB9253A275100C3E575 /* GameScene.swift in Sources */,
				E523BBCD253A590800C3E575 /* MenuScene.swift in Sources */,
				E523BBD5253B094E00C3E575 /* SportScene.swift in Sources */,
				E523BBBB253A275100C3E575 /* GameViewController.swift in Sources */,
				E523BBE1253B9BB800C3E575 /* FinalScene.swift in Sources */,
				E523BBB3253A275100C3E575 /* AppDelegate.swift in Sources */,
				E523BBDD253B956C00C3E575 /* CastleScene.swift in Sources */,
				E523BBD9253B60D600C3E575 /* BookScene.swift in Sources */,
			);
			runOnlyForDeploymentPostprocessing = 0;
		};
/* End PBXSourcesBuildPhase section */

/* Begin PBXVariantGroup section */
		E523BBBC253A275100C3E575 /* Main.storyboard */ = {
			isa = PBXVariantGroup;
			children = (
				E523BBBD253A275100C3E575 /* Base */,
			);
			name = Main.storyboard;
			sourceTree = "<group>";
		};
		E523BBC1253A275700C3E575 /* LaunchScreen.storyboard */ = {
			isa = PBXVariantGroup;
			children = (
				E523BBC2253A275700C3E575 /* Base */,
			);
			name = LaunchScreen.storyboard;
			sourceTree = "<group>";
		};
/* End PBXVariantGroup section */

/* Begin XCBuildConfiguration section */
		E523BBC5253A275700C3E575 /* Debug */ = {
			isa = XCBuildConfiguration;
			buildSettings = {
				ALWAYS_SEARCH_USER_PATHS = NO;
				CLANG_ANALYZER_NONNULL = YES;
				CLANG_ANALYZER_NUMBER_OBJECT_CONVERSION = YES_AGGRESSIVE;
				CLANG_CXX_LANGUAGE_STANDARD = "gnu++14";
				CLANG_CXX_LIBRARY = "libc++";
				CLANG_ENABLE_MODULES = YES;
				CLANG_ENABLE_OBJC_ARC = YES;
				CLANG_ENABLE_OBJC_WEAK = YES;
				CLANG_WARN_BLOCK_CAPTURE_AUTORELEASING = YES;
				CLANG_WARN_BOOL_CONVERSION = YES;
				CLANG_WARN_COMMA = YES;
				CLANG_WARN_CONSTANT_CONVERSION = YES;
				CLANG_WARN_DEPRECATED_OBJC_IMPLEMENTATIONS = YES;
				CLANG_WARN_DIRECT_OBJC_ISA_USAGE = YES_ERROR;
				CLANG_WARN_DOCUMENTATION_COMMENTS = YES;
				CLANG_WARN_EMPTY_BODY = YES;
				CLANG_WARN_ENUM_CONVERSION = YES;
				CLANG_WARN_INFINITE_RECURSION = YES;
				CLANG_WARN_INT_CONVERSION = YES;
				CLANG_WARN_NON_LITERAL_NULL_CONVERSION = YES;
				CLANG_WARN_OBJC_IMPLICIT_RETAIN_SELF = YES;
				CLANG_WARN_OBJC_LITERAL_CONVERSION = YES;
				CLANG_WARN_OBJC_ROOT_CLASS = YES_ERROR;
				CLANG_WARN_RANGE_LOOP_ANALYSIS = YES;
				CLANG_WARN_STRICT_PROTOTYPES = YES;
				CLANG_WARN_SUSPICIOUS_MOVE = YES;
				CLANG_WARN_UNGUARDED_AVAILABILITY = YES_AGGRESSIVE;
				CLANG_WARN_UNREACHABLE_CODE = YES;
				CLANG_WARN__DUPLICATE_METHOD_MATCH = YES;
				COPY_PHASE_STRIP = NO;
				DEBUG_INFORMATION_FORMAT = dwarf;
				ENABLE_STRICT_OBJC_MSGSEND = YES;
				ENABLE_TESTABILITY = YES;
				GCC_C_LANGUAGE_STANDARD = gnu11;
				GCC_DYNAMIC_NO_PIC = NO;
				GCC_NO_COMMON_BLOCKS = YES;
				GCC_OPTIMIZATION_LEVEL = 0;
				GCC_PREPROCESSOR_DEFINITIONS = (
					"DEBUG=1",
					"$(inherited)",
				);
				GCC_WARN_64_TO_32_BIT_CONVERSION = YES;
				GCC_WARN_ABOUT_RETURN_TYPE = YES_ERROR;
				GCC_WARN_UNDECLARED_SELECTOR = YES;
				GCC_WARN_UNINITIALIZED_AUTOS = YES_AGGRESSIVE;
				GCC_WARN_UNUSED_FUNCTION = YES;
				GCC_WARN_UNUSED_VARIABLE = YES;
				IPHONEOS_DEPLOYMENT_TARGET = 13.5;
				MTL_ENABLE_DEBUG_INFO = INCLUDE_SOURCE;
				MTL_FAST_MATH = YES;
				ONLY_ACTIVE_ARCH = YES;
				SDKROOT = iphoneos;
				SWIFT_ACTIVE_COMPILATION_CONDITIONS = DEBUG;
				SWIFT_OPTIMIZATION_LEVEL = "-Onone";
			};
			name = Debug;
		};
		E523BBC6253A275700C3E575 /* Release */ = {
			isa = XCBuildConfiguration;
			buildSettings = {
				ALWAYS_SEARCH_USER_PATHS = NO;
				CLANG_ANALYZER_NONNULL = YES;
				CLANG_ANALYZER_NUMBER_OBJECT_CONVERSION = YES_AGGRESSIVE;
				CLANG_CXX_LANGUAGE_STANDARD = "gnu++14";
				CLANG_CXX_LIBRARY = "libc++";
				CLANG_ENABLE_MODULES = YES;
				CLANG_ENABLE_OBJC_ARC = YES;
				CLANG_ENABLE_OBJC_WEAK = YES;
				CLANG_WARN_BLOCK_CAPTURE_AUTORELEASING = YES;
				CLANG_WARN_BOOL_CONVERSION = YES;
				CLANG_WARN_COMMA = YES;
				CLANG_WARN_CONSTANT_CONVERSION = YES;
				CLANG_WARN_DEPRECATED_OBJC_IMPLEMENTATIONS = YES;
				CLANG_WARN_DIRECT_OBJC_ISA_USAGE = YES_ERROR;
				CLANG_WARN_DOCUMENTATION_COMMENTS = YES;
				CLANG_WARN_EMPTY_BODY = YES;
				CLANG_WARN_ENUM_CONVERSION = YES;
				CLANG_WARN_INFINITE_RECURSION = YES;
				CLANG_WARN_INT_CONVERSION = YES;
				CLANG_WARN_NON_LITERAL_NULL_CONVERSION = YES;
				CLANG_WARN_OBJC_IMPLICIT_RETAIN_SELF = YES;
				CLANG_WARN_OBJC_LITERAL_CONVERSION = YES;
				CLANG_WARN_OBJC_ROOT_CLASS = YES_ERROR;
				CLANG_WARN_RANGE_LOOP_ANALYSIS = YES;
				CLANG_WARN_STRICT_PROTOTYPES = YES;
				CLANG_WARN_SUSPICIOUS_MOVE = YES;
				CLANG_WARN_UNGUARDED_AVAILABILITY = YES_AGGRESSIVE;
				CLANG_WARN_UNREACHABLE_CODE = YES;
				CLANG_WARN__DUPLICATE_METHOD_MATCH = YES;
				COPY_PHASE_STRIP = NO;
				DEBUG_INFORMATION_FORMAT = "dwarf-with-dsym";
				ENABLE_NS_ASSERTIONS = NO;
				ENABLE_STRICT_OBJC_MSGSEND = YES;
				GCC_C_LANGUAGE_STANDARD = gnu11;
				GCC_NO_COMMON_BLOCKS = YES;
				GCC_WARN_64_TO_32_BIT_CONVERSION = YES;
				GCC_WARN_ABOUT_RETURN_TYPE = YES_ERROR;
				GCC_WARN_UNDECLARED_SELECTOR = YES;
				GCC_WARN_UNINITIALIZED_AUTOS = YES_AGGRESSIVE;
				GCC_WARN_UNUSED_FUNCTION = YES;
				GCC_WARN_UNUSED_VARIABLE = YES;
				IPHONEOS_DEPLOYMENT_TARGET = 13.5;
				MTL_ENABLE_DEBUG_INFO = NO;
				MTL_FAST_MATH = YES;
				SDKROOT = iphoneos;
				SWIFT_COMPILATION_MODE = wholemodule;
				SWIFT_OPTIMIZATION_LEVEL = "-O";
				VALIDATE_PRODUCT = YES;
			};
			name = Release;
		};
		E523BBC8253A275700C3E575 /* Debug */ = {
			isa = XCBuildConfiguration;
			buildSettings = {
				ASSETCATALOG_COMPILER_APPICON_NAME = AppIcon;
				CODE_SIGN_STYLE = Automatic;
				DEVELOPMENT_TEAM = Z2F3L9GR24;
				INFOPLIST_FILE = "Heart Journey/Info.plist";
				LD_RUNPATH_SEARCH_PATHS = (
					"$(inherited)",
					"@executable_path/Frameworks",
				);
				PRODUCT_BUNDLE_IDENTIFIER = "com.leonidkulikov.Heart-Journey";
				PRODUCT_NAME = "$(TARGET_NAME)";
				SWIFT_VERSION = 5.0;
				TARGETED_DEVICE_FAMILY = 1;
			};
			name = Debug;
		};
		E523BBC9253A275700C3E575 /* Release */ = {
			isa = XCBuildConfiguration;
			buildSettings = {
				ASSETCATALOG_COMPILER_APPICON_NAME = AppIcon;
				CODE_SIGN_STYLE = Automatic;
				DEVELOPMENT_TEAM = Z2F3L9GR24;
				INFOPLIST_FILE = "Heart Journey/Info.plist";
				LD_RUNPATH_SEARCH_PATHS = (
					"$(inherited)",
					"@executable_path/Frameworks",
				);
				PRODUCT_BUNDLE_IDENTIFIER = "com.leonidkulikov.Heart-Journey";
				PRODUCT_NAME = "$(TARGET_NAME)";
				SWIFT_VERSION = 5.0;
				TARGETED_DEVICE_FAMILY = 1;
			};
			name = Release;
		};
/* End XCBuildConfiguration section */

/* Begin XCConfigurationList section */
		E523BBAA253A275100C3E575 /* Build configuration list for PBXProject "Heart Journey" */ = {
			isa = XCConfigurationList;
			buildConfigurations = (
				E523BBC5253A275700C3E575 /* Debug */,
				E523BBC6253A275700C3E575 /* Release */,
			);
			defaultConfigurationIsVisible = 0;
			defaultConfigurationName = Release;
		};
		E523BBC7253A275700C3E575 /* Build configuration list for PBXNativeTarget "Heart Journey" */ = {
			isa = XCConfigurationList;
			buildConfigurations = (
				E523BBC8253A275700C3E575 /* Debug */,
				E523BBC9253A275700C3E575 /* Release */,
			);
			defaultConfigurationIsVisible = 0;
			defaultConfigurationName = Release;
		};
/* End XCConfigurationList section */
	};
	rootObject = E523BBA7253A275100C3E575 /* Project object */;
}
